<?xml version="1.0" encoding="utf-8"?>
<Project ToolsVersion="4.0" xmlns="http://schemas.microsoft.com/developer/msbuild/2003">
  <ItemGroup>
    <Filter Include="Source Files">
      <UniqueIdentifier>{4FC737F1-C7A5-4376-A066-2A32D752A2FF}</UniqueIdentifier>
      <Extensions>cpp;c;cc;cxx;c++;cppm;ixx;def;odl;idl;hpj;bat;asm;asmx</Extensions>
    </Filter>
    <Filter Include="Header Files">
      <UniqueIdentifier>{93995380-89BD-4b04-88EB-625FBE52EBFB}</UniqueIdentifier>
      <Extensions>h;hh;hpp;hxx;h++;hm;inl;inc;ipp;xsd</Extensions>
    </Filter>
    <Filter Include="Resource Files">
      <UniqueIdentifier>{67DA6AB6-F800-4c08-8B7A-83BB121AAD01}</UniqueIdentifier>
      <Extensions>rc;ico;cur;bmp;dlg;rc2;rct;bin;rgs;gif;jpg;jpeg;jpe;resx;tiff;tif;png;wav;mfcribbon-ms</Extensions>
    </Filter>
    <Filter Include="Source Files\ExtSim">
      <UniqueIdentifier>{8d5d124e-f029-4be0-b21a-21d7113de723}</UniqueIdentifier>
    </Filter>
    <Filter Include="Header Files\ExtSim">
      <UniqueIdentifier>{f218cd30-1734-4325-884f-6bd46986b0b4}</UniqueIdentifier>
    </Filter>
    <Filter Include="Header Files\JSBSim">
      <UniqueIdentifier>{a1304b7b-25e8-424b-ab1d-86618891fb81}</UniqueIdentifier>
    </Filter>
    <Filter Include="Source Files\JSBSim">
      <UniqueIdentifier>{6421e07e-636f-4d28-9a89-611884ed44c1}</UniqueIdentifier>
    </Filter>
  </ItemGroup>
  <ItemGroup>
    <ClCompile Include="JSBSimExternalSimP3D.cpp">
      <Filter>Source Files</Filter>
    </ClCompile>
    <ClCompile Include="ExtSim\ExternalSim.cpp">
      <Filter>Source Files\ExtSim</Filter>
    </ClCompile>
  </ItemGroup>
  <ItemGroup>
    <ClInclude Include="ExtSim\ExternalSim.h">
      <Filter>Header Files\ExtSim</Filter>
    </ClInclude>
    <ClInclude Include="SimIncludes.h">
      <Filter>Header Files</Filter>
    </ClInclude>
  </ItemGroup>
</Project>